
Microsoft Visual Studio Solution File, Format Version 12.00
# Visual Studio Version 17
VisualStudioVersion = 17.8.34330.188
MinimumVisualStudioVersion = 10.0.40219.1
Project("{FAE04EC0-301F-11D3-BF4B-00C04F79EFBC}") = "FormsHA", "FormsHA.csproj", "{2BFC106D-9296-44A1-BDAD-E119F5AF7F15}"
EndProject
Global
	GlobalSection(SolutionConfigurationPlatforms) = preSolution
		Debug|Any CPU = Debug|Any CPU
		Release|Any CPU = Release|Any CPU
	EndGlobalSection
	GlobalSection(ProjectConfigurationPlatforms) = postSolution
		{2BFC106D-9296-44A1-BDAD-E119F5AF7F15}.Debug|Any CPU.ActiveCfg = Debug|Any CPU
		{2BFC106D-9296-44A1-BDAD-E119F5AF7F15}.Debug|Any CPU.Build.0 = Debug|Any CPU
		{2BFC106D-9296-44A1-BDAD-E119F5AF7F15}.Release|Any CPU.ActiveCfg = Release|Any CPU
		{2BFC106D-9296-44A1-BDAD-E119F5AF7F15}.Release|Any CPU.Build.0 = Release|Any CPU
	EndGlobalSection
	GlobalSection(SolutionProperties) = preSolution
		HideSolutionNode = FALSE
	EndGlobalSection
	GlobalSection(ExtensibilityGlobals) = postSolution
		SolutionGuid = {C1B8784E-F400-4CDF-BAC4-B651BFB9E60E}
	EndGlobalSection
EndGlobal
